// !$*UTF8*$!
{
	archiveVersion = 1;
	classes = {
	};
	objectVersion = 46;
	objects = {

/* Begin PBXBuildFile section */
		580E7843187589B2003D83B7 /* PushNotificationController.m in Sources */ = {isa = PBXBuildFile; fileRef = 580E7842187589B2003D83B7 /* PushNotificationController.m */; };
		FFFF9BBD1873232400E035C7 /* Foundation.framework in Frameworks */ = {isa = PBXBuildFile; fileRef = FFFF9BBC1873232400E035C7 /* Foundation.framework */; };
		FFFF9BC21873232400E035C7 /* SVEApplicationDelegate.h in CopyFiles */ = {isa = PBXBuildFile; fileRef = FFFF9BC11873232400E035C7 /* SVEApplicationDelegate.h */; };
		FFFF9BC41873232400E035C7 /* SVEApplicationDelegate.m in Sources */ = {isa = PBXBuildFile; fileRef = FFFF9BC31873232400E035C7 /* SVEApplicationDelegate.m */; };
		FFFF9BCB1873232400E035C7 /* XCTest.framework in Frameworks */ = {isa = PBXBuildFile; fileRef = FFFF9BCA1873232400E035C7 /* XCTest.framework */; };
		FFFF9BCC1873232400E035C7 /* Foundation.framework in Frameworks */ = {isa = PBXBuildFile; fileRef = FFFF9BBC1873232400E035C7 /* Foundation.framework */; };
		FFFF9BCE1873232400E035C7 /* UIKit.framework in Frameworks */ = {isa = PBXBuildFile; fileRef = FFFF9BCD1873232400E035C7 /* UIKit.framework */; };
		FFFF9BD11873232400E035C7 /* libSVEApplicationDelegate.a in Frameworks */ = {isa = PBXBuildFile; fileRef = FFFF9BB91873232400E035C7 /* libSVEApplicationDelegate.a */; };
		FFFF9BEB1874672800E035C7 /* SVEApplicationDelegateTests.m in Sources */ = {isa = PBXBuildFile; fileRef = FFFF9BE91874670300E035C7 /* SVEApplicationDelegateTests.m */; };
		FFFF9BF118747F0E00E035C7 /* Foundation.framework in Frameworks */ = {isa = PBXBuildFile; fileRef = FFFF9BBC1873232400E035C7 /* Foundation.framework */; };
		FFFF9BF318747F0E00E035C7 /* CoreGraphics.framework in Frameworks */ = {isa = PBXBuildFile; fileRef = FFFF9BF218747F0E00E035C7 /* CoreGraphics.framework */; };
		FFFF9BF418747F0E00E035C7 /* UIKit.framework in Frameworks */ = {isa = PBXBuildFile; fileRef = FFFF9BCD1873232400E035C7 /* UIKit.framework */; };
		FFFF9BF618747F0E00E035C7 /* CoreData.framework in Frameworks */ = {isa = PBXBuildFile; fileRef = FFFF9BF518747F0E00E035C7 /* CoreData.framework */; };
		FFFF9BFC18747F0E00E035C7 /* InfoPlist.strings in Resources */ = {isa = PBXBuildFile; fileRef = FFFF9BFA18747F0E00E035C7 /* InfoPlist.strings */; };
		FFFF9BFE18747F0E00E035C7 /* main.m in Sources */ = {isa = PBXBuildFile; fileRef = FFFF9BFD18747F0E00E035C7 /* main.m */; };
		FFFF9C0218747F0E00E035C7 /* AppDelegate.m in Sources */ = {isa = PBXBuildFile; fileRef = FFFF9C0118747F0E00E035C7 /* AppDelegate.m */; };
		FFFF9C0518747F0E00E035C7 /* Main_iPhone.storyboard in Resources */ = {isa = PBXBuildFile; fileRef = FFFF9C0318747F0E00E035C7 /* Main_iPhone.storyboard */; };
		FFFF9C0818747F0E00E035C7 /* Main_iPad.storyboard in Resources */ = {isa = PBXBuildFile; fileRef = FFFF9C0618747F0E00E035C7 /* Main_iPad.storyboard */; };
		FFFF9C0B18747F0E00E035C7 /* Example.xcdatamodeld in Sources */ = {isa = PBXBuildFile; fileRef = FFFF9C0918747F0E00E035C7 /* Example.xcdatamodeld */; };
		FFFF9C0E18747F0E00E035C7 /* MasterViewController.m in Sources */ = {isa = PBXBuildFile; fileRef = FFFF9C0D18747F0E00E035C7 /* MasterViewController.m */; };
		FFFF9C1118747F0E00E035C7 /* DetailViewController.m in Sources */ = {isa = PBXBuildFile; fileRef = FFFF9C1018747F0E00E035C7 /* DetailViewController.m */; };
		FFFF9C1318747F0E00E035C7 /* Images.xcassets in Resources */ = {isa = PBXBuildFile; fileRef = FFFF9C1218747F0E00E035C7 /* Images.xcassets */; };
		FFFF9C2F187481BB00E035C7 /* DataController.m in Sources */ = {isa = PBXBuildFile; fileRef = FFFF9C2E187481BB00E035C7 /* DataController.m */; };
		FFFF9C32187559E500E035C7 /* libSVEApplicationDelegate.a in Frameworks */ = {isa = PBXBuildFile; fileRef = FFFF9BB91873232400E035C7 /* libSVEApplicationDelegate.a */; };
/* End PBXBuildFile section */

/* Begin PBXContainerItemProxy section */
		FFFF9BCF1873232400E035C7 /* PBXContainerItemProxy */ = {
			isa = PBXContainerItemProxy;
			containerPortal = FFFF9BB11873232400E035C7 /* Project object */;
			proxyType = 1;
			remoteGlobalIDString = FFFF9BB81873232400E035C7;
			remoteInfo = SVEApplicationDelegate;
		};
		FFFF9C30187559C600E035C7 /* PBXContainerItemProxy */ = {
			isa = PBXContainerItemProxy;
			containerPortal = FFFF9BB11873232400E035C7 /* Project object */;
			proxyType = 1;
			remoteGlobalIDString = FFFF9BB81873232400E035C7;
			remoteInfo = SVEApplicationDelegate;
		};
/* End PBXContainerItemProxy section */

/* Begin PBXCopyFilesBuildPhase section */
		FFFF9BB71873232400E035C7 /* CopyFiles */ = {
			isa = PBXCopyFilesBuildPhase;
			buildActionMask = 2147483647;
			dstPath = "include/$(PRODUCT_NAME)";
			dstSubfolderSpec = 16;
			files = (
				FFFF9BC21873232400E035C7 /* SVEApplicationDelegate.h in CopyFiles */,
			);
			runOnlyForDeploymentPostprocessing = 0;
		};
/* End PBXCopyFilesBuildPhase section */

/* Begin PBXFileReference section */
		580E7841187589B2003D83B7 /* PushNotificationController.h */ = {isa = PBXFileReference; fileEncoding = 4; lastKnownFileType = sourcecode.c.h; path = PushNotificationController.h; sourceTree = "<group>"; };
		580E7842187589B2003D83B7 /* PushNotificationController.m */ = {isa = PBXFileReference; fileEncoding = 4; lastKnownFileType = sourcecode.c.objc; path = PushNotificationController.m; sourceTree = "<group>"; };
		FFFF9BB91873232400E035C7 /* libSVEApplicationDelegate.a */ = {isa = PBXFileReference; explicitFileType = archive.ar; includeInIndex = 0; path = libSVEApplicationDelegate.a; sourceTree = BUILT_PRODUCTS_DIR; };
		FFFF9BBC1873232400E035C7 /* Foundation.framework */ = {isa = PBXFileReference; lastKnownFileType = wrapper.framework; name = Foundation.framework; path = System/Library/Frameworks/Foundation.framework; sourceTree = SDKROOT; };
		FFFF9BC01873232400E035C7 /* SVEApplicationDelegate-Prefix.pch */ = {isa = PBXFileReference; lastKnownFileType = sourcecode.c.h; path = "SVEApplicationDelegate-Prefix.pch"; sourceTree = "<group>"; };
		FFFF9BC11873232400E035C7 /* SVEApplicationDelegate.h */ = {isa = PBXFileReference; lastKnownFileType = sourcecode.c.h; path = SVEApplicationDelegate.h; sourceTree = "<group>"; };
		FFFF9BC31873232400E035C7 /* SVEApplicationDelegate.m */ = {isa = PBXFileReference; lastKnownFileType = sourcecode.c.objc; path = SVEApplicationDelegate.m; sourceTree = "<group>"; };
		FFFF9BC91873232400E035C7 /* SVEApplicationDelegateTests.xctest */ = {isa = PBXFileReference; explicitFileType = wrapper.cfbundle; includeInIndex = 0; path = SVEApplicationDelegateTests.xctest; sourceTree = BUILT_PRODUCTS_DIR; };
		FFFF9BCA1873232400E035C7 /* XCTest.framework */ = {isa = PBXFileReference; lastKnownFileType = wrapper.framework; name = XCTest.framework; path = Library/Frameworks/XCTest.framework; sourceTree = DEVELOPER_DIR; };
		FFFF9BCD1873232400E035C7 /* UIKit.framework */ = {isa = PBXFileReference; lastKnownFileType = wrapper.framework; name = UIKit.framework; path = Library/Frameworks/UIKit.framework; sourceTree = DEVELOPER_DIR; };
		FFFF9BE21874635400E035C7 /* LICENSE */ = {isa = PBXFileReference; fileEncoding = 4; lastKnownFileType = text; path = LICENSE; sourceTree = "<group>"; };
		FFFF9BE31874635400E035C7 /* README.md */ = {isa = PBXFileReference; fileEncoding = 4; lastKnownFileType = text; path = README.md; sourceTree = "<group>"; };
		FFFF9BE41874644D00E035C7 /* SVEApplicationDelegate.podspec */ = {isa = PBXFileReference; fileEncoding = 4; lastKnownFileType = text; path = SVEApplicationDelegate.podspec; sourceTree = "<group>"; };
		FFFF9BE71874670300E035C7 /* en */ = {isa = PBXFileReference; lastKnownFileType = text.plist.strings; name = en; path = en.lproj/InfoPlist.strings; sourceTree = "<group>"; };
		FFFF9BE81874670300E035C7 /* SVEApplicationDelegateTests-Info.plist */ = {isa = PBXFileReference; fileEncoding = 4; lastKnownFileType = text.plist.xml; path = "SVEApplicationDelegateTests-Info.plist"; sourceTree = "<group>"; };
		FFFF9BE91874670300E035C7 /* SVEApplicationDelegateTests.m */ = {isa = PBXFileReference; fileEncoding = 4; lastKnownFileType = sourcecode.c.objc; path = SVEApplicationDelegateTests.m; sourceTree = "<group>"; };
		FFFF9BF018747F0E00E035C7 /* Example.app */ = {isa = PBXFileReference; explicitFileType = wrapper.application; includeInIndex = 0; path = Example.app; sourceTree = BUILT_PRODUCTS_DIR; };
		FFFF9BF218747F0E00E035C7 /* CoreGraphics.framework */ = {isa = PBXFileReference; lastKnownFileType = wrapper.framework; name = CoreGraphics.framework; path = System/Library/Frameworks/CoreGraphics.framework; sourceTree = SDKROOT; };
		FFFF9BF518747F0E00E035C7 /* CoreData.framework */ = {isa = PBXFileReference; lastKnownFileType = wrapper.framework; name = CoreData.framework; path = System/Library/Frameworks/CoreData.framework; sourceTree = SDKROOT; };
		FFFF9BF918747F0E00E035C7 /* Example-Info.plist */ = {isa = PBXFileReference; lastKnownFileType = text.plist.xml; path = "Example-Info.plist"; sourceTree = "<group>"; };
		FFFF9BFB18747F0E00E035C7 /* en */ = {isa = PBXFileReference; lastKnownFileType = text.plist.strings; name = en; path = en.lproj/InfoPlist.strings; sourceTree = "<group>"; };
		FFFF9BFD18747F0E00E035C7 /* main.m */ = {isa = PBXFileReference; lastKnownFileType = sourcecode.c.objc; path = main.m; sourceTree = "<group>"; };
		FFFF9BFF18747F0E00E035C7 /* Example-Prefix.pch */ = {isa = PBXFileReference; lastKnownFileType = sourcecode.c.h; path = "Example-Prefix.pch"; sourceTree = "<group>"; };
		FFFF9C0018747F0E00E035C7 /* AppDelegate.h */ = {isa = PBXFileReference; lastKnownFileType = sourcecode.c.h; path = AppDelegate.h; sourceTree = "<group>"; };
		FFFF9C0118747F0E00E035C7 /* AppDelegate.m */ = {isa = PBXFileReference; lastKnownFileType = sourcecode.c.objc; path = AppDelegate.m; sourceTree = "<group>"; };
		FFFF9C0418747F0E00E035C7 /* Base */ = {isa = PBXFileReference; lastKnownFileType = file.storyboard; name = Base; path = Base.lproj/Main_iPhone.storyboard; sourceTree = "<group>"; };
		FFFF9C0718747F0E00E035C7 /* Base */ = {isa = PBXFileReference; lastKnownFileType = file.storyboard; name = Base; path = Base.lproj/Main_iPad.storyboard; sourceTree = "<group>"; };
		FFFF9C0A18747F0E00E035C7 /* Example.xcdatamodel */ = {isa = PBXFileReference; lastKnownFileType = wrapper.xcdatamodel; path = Example.xcdatamodel; sourceTree = "<group>"; };
		FFFF9C0C18747F0E00E035C7 /* MasterViewController.h */ = {isa = PBXFileReference; lastKnownFileType = sourcecode.c.h; path = MasterViewController.h; sourceTree = "<group>"; };
		FFFF9C0D18747F0E00E035C7 /* MasterViewController.m */ = {isa = PBXFileReference; lastKnownFileType = sourcecode.c.objc; path = MasterViewController.m; sourceTree = "<group>"; };
		FFFF9C0F18747F0E00E035C7 /* DetailViewController.h */ = {isa = PBXFileReference; lastKnownFileType = sourcecode.c.h; path = DetailViewController.h; sourceTree = "<group>"; };
		FFFF9C1018747F0E00E035C7 /* DetailViewController.m */ = {isa = PBXFileReference; lastKnownFileType = sourcecode.c.objc; path = DetailViewController.m; sourceTree = "<group>"; };
		FFFF9C1218747F0E00E035C7 /* Images.xcassets */ = {isa = PBXFileReference; lastKnownFileType = folder.assetcatalog; path = Images.xcassets; sourceTree = "<group>"; };
		FFFF9C2D187481BB00E035C7 /* DataController.h */ = {isa = PBXFileReference; fileEncoding = 4; lastKnownFileType = sourcecode.c.h; path = DataController.h; sourceTree = "<group>"; };
		FFFF9C2E187481BB00E035C7 /* DataController.m */ = {isa = PBXFileReference; fileEncoding = 4; lastKnownFileType = sourcecode.c.objc; path = DataController.m; sourceTree = "<group>"; };
/* End PBXFileReference section */

/* Begin PBXFrameworksBuildPhase section */
		FFFF9BB61873232400E035C7 /* Frameworks */ = {
			isa = PBXFrameworksBuildPhase;
			buildActionMask = 2147483647;
			files = (
				FFFF9BBD1873232400E035C7 /* Foundation.framework in Frameworks */,
			);
			runOnlyForDeploymentPostprocessing = 0;
		};
		FFFF9BC61873232400E035C7 /* Frameworks */ = {
			isa = PBXFrameworksBuildPhase;
			buildActionMask = 2147483647;
			files = (
				FFFF9BCB1873232400E035C7 /* XCTest.framework in Frameworks */,
				FFFF9BCE1873232400E035C7 /* UIKit.framework in Frameworks */,
				FFFF9BD11873232400E035C7 /* libSVEApplicationDelegate.a in Frameworks */,
				FFFF9BCC1873232400E035C7 /* Foundation.framework in Frameworks */,
			);
			runOnlyForDeploymentPostprocessing = 0;
		};
		FFFF9BED18747F0E00E035C7 /* Frameworks */ = {
			isa = PBXFrameworksBuildPhase;
			buildActionMask = 2147483647;
			files = (
				FFFF9C32187559E500E035C7 /* libSVEApplicationDelegate.a in Frameworks */,
				FFFF9BF318747F0E00E035C7 /* CoreGraphics.framework in Frameworks */,
				FFFF9BF618747F0E00E035C7 /* CoreData.framework in Frameworks */,
				FFFF9BF418747F0E00E035C7 /* UIKit.framework in Frameworks */,
				FFFF9BF118747F0E00E035C7 /* Foundation.framework in Frameworks */,
			);
			runOnlyForDeploymentPostprocessing = 0;
		};
/* End PBXFrameworksBuildPhase section */

/* Begin PBXGroup section */
		FFFF9BB01873232400E035C7 = {
			isa = PBXGroup;
			children = (
				FFFF9BE41874644D00E035C7 /* SVEApplicationDelegate.podspec */,
				FFFF9BE21874635400E035C7 /* LICENSE */,
				FFFF9BE31874635400E035C7 /* README.md */,
				FFFF9BBE1873232400E035C7 /* SVEApplicationDelegate */,
				FFFF9BE51874670300E035C7 /* Tests */,
				FFFF9BF718747F0E00E035C7 /* Example */,
				FFFF9BBB1873232400E035C7 /* Frameworks */,
				FFFF9BBA1873232400E035C7 /* Products */,
			);
			sourceTree = "<group>";
		};
		FFFF9BBA1873232400E035C7 /* Products */ = {
			isa = PBXGroup;
			children = (
				FFFF9BB91873232400E035C7 /* libSVEApplicationDelegate.a */,
				FFFF9BC91873232400E035C7 /* SVEApplicationDelegateTests.xctest */,
				FFFF9BF018747F0E00E035C7 /* Example.app */,
			);
			name = Products;
			sourceTree = "<group>";
		};
		FFFF9BBB1873232400E035C7 /* Frameworks */ = {
			isa = PBXGroup;
			children = (
				FFFF9BBC1873232400E035C7 /* Foundation.framework */,
				FFFF9BCA1873232400E035C7 /* XCTest.framework */,
				FFFF9BCD1873232400E035C7 /* UIKit.framework */,
				FFFF9BF218747F0E00E035C7 /* CoreGraphics.framework */,
				FFFF9BF518747F0E00E035C7 /* CoreData.framework */,
			);
			name = Frameworks;
			sourceTree = "<group>";
		};
		FFFF9BBE1873232400E035C7 /* SVEApplicationDelegate */ = {
			isa = PBXGroup;
			children = (
				FFFF9BC11873232400E035C7 /* SVEApplicationDelegate.h */,
				FFFF9BC31873232400E035C7 /* SVEApplicationDelegate.m */,
				FFFF9BBF1873232400E035C7 /* Supporting Files */,
			);
			path = SVEApplicationDelegate;
			sourceTree = "<group>";
		};
		FFFF9BBF1873232400E035C7 /* Supporting Files */ = {
			isa = PBXGroup;
			children = (
				FFFF9BC01873232400E035C7 /* SVEApplicationDelegate-Prefix.pch */,
			);
			name = "Supporting Files";
			sourceTree = "<group>";
		};
		FFFF9BE51874670300E035C7 /* Tests */ = {
			isa = PBXGroup;
			children = (
				FFFF9BE61874670300E035C7 /* InfoPlist.strings */,
				FFFF9BE81874670300E035C7 /* SVEApplicationDelegateTests-Info.plist */,
				FFFF9BE91874670300E035C7 /* SVEApplicationDelegateTests.m */,
			);
			path = Tests;
			sourceTree = "<group>";
		};
		FFFF9BF718747F0E00E035C7 /* Example */ = {
			isa = PBXGroup;
			children = (
				FFFF9C0018747F0E00E035C7 /* AppDelegate.h */,
				FFFF9C0118747F0E00E035C7 /* AppDelegate.m */,
				FFFF9C0318747F0E00E035C7 /* Main_iPhone.storyboard */,
				FFFF9C0618747F0E00E035C7 /* Main_iPad.storyboard */,
				FFFF9C0C18747F0E00E035C7 /* MasterViewController.h */,
				FFFF9C0D18747F0E00E035C7 /* MasterViewController.m */,
				FFFF9C0F18747F0E00E035C7 /* DetailViewController.h */,
				FFFF9C1018747F0E00E035C7 /* DetailViewController.m */,
				FFFF9C1218747F0E00E035C7 /* Images.xcassets */,
				FFFF9C0918747F0E00E035C7 /* Example.xcdatamodeld */,
				FFFF9BF818747F0E00E035C7 /* Supporting Files */,
				FFFF9C2D187481BB00E035C7 /* DataController.h */,
				FFFF9C2E187481BB00E035C7 /* DataController.m */,
				580E7841187589B2003D83B7 /* PushNotificationController.h */,
				580E7842187589B2003D83B7 /* PushNotificationController.m */,
			);
			path = Example;
			sourceTree = "<group>";
		};
		FFFF9BF818747F0E00E035C7 /* Supporting Files */ = {
			isa = PBXGroup;
			children = (
				FFFF9BF918747F0E00E035C7 /* Example-Info.plist */,
				FFFF9BFA18747F0E00E035C7 /* InfoPlist.strings */,
				FFFF9BFD18747F0E00E035C7 /* main.m */,
				FFFF9BFF18747F0E00E035C7 /* Example-Prefix.pch */,
			);
			name = "Supporting Files";
			sourceTree = "<group>";
		};
/* End PBXGroup section */

/* Begin PBXNativeTarget section */
		FFFF9BB81873232400E035C7 /* SVEApplicationDelegate */ = {
			isa = PBXNativeTarget;
			buildConfigurationList = FFFF9BDC1873232400E035C7 /* Build configuration list for PBXNativeTarget "SVEApplicationDelegate" */;
			buildPhases = (
				FFFF9BB51873232400E035C7 /* Sources */,
				FFFF9BB61873232400E035C7 /* Frameworks */,
				FFFF9BB71873232400E035C7 /* CopyFiles */,
			);
			buildRules = (
			);
			dependencies = (
			);
			name = SVEApplicationDelegate;
			productName = SVEApplicationDelegate;
			productReference = FFFF9BB91873232400E035C7 /* libSVEApplicationDelegate.a */;
			productType = "com.apple.product-type.library.static";
		};
		FFFF9BC81873232400E035C7 /* SVEApplicationDelegateTests */ = {
			isa = PBXNativeTarget;
			buildConfigurationList = FFFF9BDF1873232400E035C7 /* Build configuration list for PBXNativeTarget "SVEApplicationDelegateTests" */;
			buildPhases = (
				FFFF9BC51873232400E035C7 /* Sources */,
				FFFF9BC61873232400E035C7 /* Frameworks */,
				FFFF9BC71873232400E035C7 /* Resources */,
			);
			buildRules = (
			);
			dependencies = (
				FFFF9BD01873232400E035C7 /* PBXTargetDependency */,
			);
			name = SVEApplicationDelegateTests;
			productName = SVEApplicationDelegateTests;
			productReference = FFFF9BC91873232400E035C7 /* SVEApplicationDelegateTests.xctest */;
			productType = "com.apple.product-type.bundle.unit-test";
		};
		FFFF9BEF18747F0E00E035C7 /* Example */ = {
			isa = PBXNativeTarget;
			buildConfigurationList = FFFF9C2718747F0E00E035C7 /* Build configuration list for PBXNativeTarget "Example" */;
			buildPhases = (
				FFFF9BEC18747F0E00E035C7 /* Sources */,
				FFFF9BED18747F0E00E035C7 /* Frameworks */,
				FFFF9BEE18747F0E00E035C7 /* Resources */,
			);
			buildRules = (
			);
			dependencies = (
				FFFF9C31187559C600E035C7 /* PBXTargetDependency */,
			);
			name = Example;
			productName = Example;
			productReference = FFFF9BF018747F0E00E035C7 /* Example.app */;
			productType = "com.apple.product-type.application";
		};
/* End PBXNativeTarget section */

/* Begin PBXProject section */
		FFFF9BB11873232400E035C7 /* Project object */ = {
			isa = PBXProject;
			attributes = {
				LastUpgradeCheck = 0500;
				ORGANIZATIONNAME = "Sérgio Estêvão";
				TargetAttributes = {
					FFFF9BC81873232400E035C7 = {
						TestTargetID = FFFF9BEF18747F0E00E035C7;
					};
				};
			};
			buildConfigurationList = FFFF9BB41873232400E035C7 /* Build configuration list for PBXProject "SVEApplicationDelegate" */;
			compatibilityVersion = "Xcode 3.2";
			developmentRegion = English;
			hasScannedForEncodings = 0;
			knownRegions = (
				en,
				Base,
			);
			mainGroup = FFFF9BB01873232400E035C7;
			productRefGroup = FFFF9BBA1873232400E035C7 /* Products */;
			projectDirPath = "";
			projectRoot = "";
			targets = (
				FFFF9BB81873232400E035C7 /* SVEApplicationDelegate */,
				FFFF9BC81873232400E035C7 /* SVEApplicationDelegateTests */,
				FFFF9BEF18747F0E00E035C7 /* Example */,
			);
		};
/* End PBXProject section */

/* Begin PBXResourcesBuildPhase section */
		FFFF9BC71873232400E035C7 /* Resources */ = {
			isa = PBXResourcesBuildPhase;
			buildActionMask = 2147483647;
			files = (
			);
			runOnlyForDeploymentPostprocessing = 0;
		};
		FFFF9BEE18747F0E00E035C7 /* Resources */ = {
			isa = PBXResourcesBuildPhase;
			buildActionMask = 2147483647;
			files = (
				FFFF9C0818747F0E00E035C7 /* Main_iPad.storyboard in Resources */,
				FFFF9C1318747F0E00E035C7 /* Images.xcassets in Resources */,
				FFFF9C0518747F0E00E035C7 /* Main_iPhone.storyboard in Resources */,
				FFFF9BFC18747F0E00E035C7 /* InfoPlist.strings in Resources */,
			);
			runOnlyForDeploymentPostprocessing = 0;
		};
/* End PBXResourcesBuildPhase section */

/* Begin PBXSourcesBuildPhase section */
		FFFF9BB51873232400E035C7 /* Sources */ = {
			isa = PBXSourcesBuildPhase;
			buildActionMask = 2147483647;
			files = (
				FFFF9BC41873232400E035C7 /* SVEApplicationDelegate.m in Sources */,
			);
			runOnlyForDeploymentPostprocessing = 0;
		};
		FFFF9BC51873232400E035C7 /* Sources */ = {
			isa = PBXSourcesBuildPhase;
			buildActionMask = 2147483647;
			files = (
				FFFF9BEB1874672800E035C7 /* SVEApplicationDelegateTests.m in Sources */,
			);
			runOnlyForDeploymentPostprocessing = 0;
		};
		FFFF9BEC18747F0E00E035C7 /* Sources */ = {
			isa = PBXSourcesBuildPhase;
			buildActionMask = 2147483647;
			files = (
				FFFF9C1118747F0E00E035C7 /* DetailViewController.m in Sources */,
				FFFF9C0E18747F0E00E035C7 /* MasterViewController.m in Sources */,
				FFFF9C0218747F0E00E035C7 /* AppDelegate.m in Sources */,
				FFFF9C0B18747F0E00E035C7 /* Example.xcdatamodeld in Sources */,
				580E7843187589B2003D83B7 /* PushNotificationController.m in Sources */,
				FFFF9BFE18747F0E00E035C7 /* main.m in Sources */,
				FFFF9C2F187481BB00E035C7 /* DataController.m in Sources */,
			);
			runOnlyForDeploymentPostprocessing = 0;
		};
/* End PBXSourcesBuildPhase section */

/* Begin PBXTargetDependency section */
		FFFF9BD01873232400E035C7 /* PBXTargetDependency */ = {
			isa = PBXTargetDependency;
			target = FFFF9BB81873232400E035C7 /* SVEApplicationDelegate */;
			targetProxy = FFFF9BCF1873232400E035C7 /* PBXContainerItemProxy */;
		};
		FFFF9C31187559C600E035C7 /* PBXTargetDependency */ = {
			isa = PBXTargetDependency;
			target = FFFF9BB81873232400E035C7 /* SVEApplicationDelegate */;
			targetProxy = FFFF9C30187559C600E035C7 /* PBXContainerItemProxy */;
		};
/* End PBXTargetDependency section */

/* Begin PBXVariantGroup section */
		FFFF9BE61874670300E035C7 /* InfoPlist.strings */ = {
			isa = PBXVariantGroup;
			children = (
				FFFF9BE71874670300E035C7 /* en */,
			);
			name = InfoPlist.strings;
			sourceTree = "<group>";
		};
		FFFF9BFA18747F0E00E035C7 /* InfoPlist.strings */ = {
			isa = PBXVariantGroup;
			children = (
				FFFF9BFB18747F0E00E035C7 /* en */,
			);
			name = InfoPlist.strings;
			sourceTree = "<group>";
		};
		FFFF9C0318747F0E00E035C7 /* Main_iPhone.storyboard */ = {
			isa = PBXVariantGroup;
			children = (
				FFFF9C0418747F0E00E035C7 /* Base */,
			);
			name = Main_iPhone.storyboard;
			sourceTree = "<group>";
		};
		FFFF9C0618747F0E00E035C7 /* Main_iPad.storyboard */ = {
			isa = PBXVariantGroup;
			children = (
				FFFF9C0718747F0E00E035C7 /* Base */,
			);
			name = Main_iPad.storyboard;
			sourceTree = "<group>";
		};
/* End PBXVariantGroup section */

/* Begin XCBuildConfiguration section */
		FFFF9BDA1873232400E035C7 /* Debug */ = {
			isa = XCBuildConfiguration;
			buildSettings = {
				ALWAYS_SEARCH_USER_PATHS = NO;
				ARCHS = "$(ARCHS_STANDARD_INCLUDING_64_BIT)";
				CLANG_CXX_LANGUAGE_STANDARD = "gnu++0x";
				CLANG_CXX_LIBRARY = "libc++";
				CLANG_ENABLE_MODULES = YES;
				CLANG_ENABLE_OBJC_ARC = YES;
				CLANG_WARN_BOOL_CONVERSION = YES;
				CLANG_WARN_CONSTANT_CONVERSION = YES;
				CLANG_WARN_DIRECT_OBJC_ISA_USAGE = YES_ERROR;
				CLANG_WARN_EMPTY_BODY = YES;
				CLANG_WARN_ENUM_CONVERSION = YES;
				CLANG_WARN_INT_CONVERSION = YES;
				CLANG_WARN_OBJC_ROOT_CLASS = YES_ERROR;
				CLANG_WARN__DUPLICATE_METHOD_MATCH = YES;
				COPY_PHASE_STRIP = NO;
				GCC_C_LANGUAGE_STANDARD = gnu99;
				GCC_DYNAMIC_NO_PIC = NO;
				GCC_OPTIMIZATION_LEVEL = 0;
				GCC_PREPROCESSOR_DEFINITIONS = (
					"DEBUG=1",
					"$(inherited)",
				);
				GCC_SYMBOLS_PRIVATE_EXTERN = NO;
				GCC_WARN_64_TO_32_BIT_CONVERSION = YES;
				GCC_WARN_ABOUT_RETURN_TYPE = YES_ERROR;
				GCC_WARN_UNDECLARED_SELECTOR = YES;
				GCC_WARN_UNINITIALIZED_AUTOS = YES;
				GCC_WARN_UNUSED_FUNCTION = YES;
				GCC_WARN_UNUSED_VARIABLE = YES;
				IPHONEOS_DEPLOYMENT_TARGET = 7.0;
				ONLY_ACTIVE_ARCH = YES;
				SDKROOT = iphoneos;
			};
			name = Debug;
		};
		FFFF9BDB1873232400E035C7 /* Release */ = {
			isa = XCBuildConfiguration;
			buildSettings = {
				ALWAYS_SEARCH_USER_PATHS = NO;
				ARCHS = "$(ARCHS_STANDARD_INCLUDING_64_BIT)";
				CLANG_CXX_LANGUAGE_STANDARD = "gnu++0x";
				CLANG_CXX_LIBRARY = "libc++";
				CLANG_ENABLE_MODULES = YES;
				CLANG_ENABLE_OBJC_ARC = YES;
				CLANG_WARN_BOOL_CONVERSION = YES;
				CLANG_WARN_CONSTANT_CONVERSION = YES;
				CLANG_WARN_DIRECT_OBJC_ISA_USAGE = YES_ERROR;
				CLANG_WARN_EMPTY_BODY = YES;
				CLANG_WARN_ENUM_CONVERSION = YES;
				CLANG_WARN_INT_CONVERSION = YES;
				CLANG_WARN_OBJC_ROOT_CLASS = YES_ERROR;
				CLANG_WARN__DUPLICATE_METHOD_MATCH = YES;
				COPY_PHASE_STRIP = YES;
				ENABLE_NS_ASSERTIONS = NO;
				GCC_C_LANGUAGE_STANDARD = gnu99;
				GCC_WARN_64_TO_32_BIT_CONVERSION = YES;
				GCC_WARN_ABOUT_RETURN_TYPE = YES_ERROR;
				GCC_WARN_UNDECLARED_SELECTOR = YES;
				GCC_WARN_UNINITIALIZED_AUTOS = YES;
				GCC_WARN_UNUSED_FUNCTION = YES;
				GCC_WARN_UNUSED_VARIABLE = YES;
				IPHONEOS_DEPLOYMENT_TARGET = 7.0;
				SDKROOT = iphoneos;
				VALIDATE_PRODUCT = YES;
			};
			name = Release;
		};
		FFFF9BDD1873232400E035C7 /* Debug */ = {
			isa = XCBuildConfiguration;
			buildSettings = {
				DSTROOT = /tmp/SVEApplicationDelegate.dst;
				GCC_PRECOMPILE_PREFIX_HEADER = YES;
				GCC_PREFIX_HEADER = "SVEApplicationDelegate/SVEApplicationDelegate-Prefix.pch";
				OTHER_LDFLAGS = "-ObjC";
				PRODUCT_NAME = "$(TARGET_NAME)";
				SKIP_INSTALL = YES;
			};
			name = Debug;
		};
		FFFF9BDE1873232400E035C7 /* Release */ = {
			isa = XCBuildConfiguration;
			buildSettings = {
				DSTROOT = /tmp/SVEApplicationDelegate.dst;
				GCC_PRECOMPILE_PREFIX_HEADER = YES;
				GCC_PREFIX_HEADER = "SVEApplicationDelegate/SVEApplicationDelegate-Prefix.pch";
				OTHER_LDFLAGS = "-ObjC";
				PRODUCT_NAME = "$(TARGET_NAME)";
				SKIP_INSTALL = YES;
			};
			name = Release;
		};
		FFFF9BE01873232400E035C7 /* Debug */ = {
			isa = XCBuildConfiguration;
			buildSettings = {
				ARCHS = "$(ARCHS_STANDARD_INCLUDING_64_BIT)";
				BUNDLE_LOADER = "$(BUILT_PRODUCTS_DIR)/Example.app/Example";
				FRAMEWORK_SEARCH_PATHS = (
					"$(SDKROOT)/Developer/Library/Frameworks",
					"$(inherited)",
					"$(DEVELOPER_FRAMEWORKS_DIR)",
				);
				GCC_PRECOMPILE_PREFIX_HEADER = YES;
				GCC_PREFIX_HEADER = "SVEApplicationDelegate/SVEApplicationDelegate-Prefix.pch";
				GCC_PREPROCESSOR_DEFINITIONS = (
					"DEBUG=1",
					"$(inherited)",
				);
				INFOPLIST_FILE = "Tests/SVEApplicationDelegateTests-Info.plist";
				PRODUCT_NAME = "$(TARGET_NAME)";
				TEST_HOST = "$(BUNDLE_LOADER)";
				WRAPPER_EXTENSION = xctest;
			};
			name = Debug;
		};
		FFFF9BE11873232400E035C7 /* Release */ = {
			isa = XCBuildConfiguration;
			buildSettings = {
				ARCHS = "$(ARCHS_STANDARD_INCLUDING_64_BIT)";
				BUNDLE_LOADER = "$(BUILT_PRODUCTS_DIR)/Example.app/Example";
				FRAMEWORK_SEARCH_PATHS = (
					"$(SDKROOT)/Developer/Library/Frameworks",
					"$(inherited)",
					"$(DEVELOPER_FRAMEWORKS_DIR)",
				);
				GCC_PRECOMPILE_PREFIX_HEADER = YES;
				GCC_PREFIX_HEADER = "SVEApplicationDelegate/SVEApplicationDelegate-Prefix.pch";
				INFOPLIST_FILE = "Tests/SVEApplicationDelegateTests-Info.plist";
				PRODUCT_NAME = "$(TARGET_NAME)";
				TEST_HOST = "$(BUNDLE_LOADER)";
				WRAPPER_EXTENSION = xctest;
			};
			name = Release;
		};
		FFFF9C2818747F0E00E035C7 /* Debug */ = {
			isa = XCBuildConfiguration;
			buildSettings = {
				ARCHS = "$(ARCHS_STANDARD_INCLUDING_64_BIT)";
				ASSETCATALOG_COMPILER_APPICON_NAME = AppIcon;
				ASSETCATALOG_COMPILER_LAUNCHIMAGE_NAME = LaunchImage;
				"CODE_SIGN_IDENTITY[sdk=iphoneos*]" = "iPhone Developer";
				FRAMEWORK_SEARCH_PATHS = (
					"$(inherited)",
					"$(DEVELOPER_FRAMEWORKS_DIR)",
				);
				GCC_PRECOMPILE_PREFIX_HEADER = YES;
				GCC_PREFIX_HEADER = "Example/Example-Prefix.pch";
				GCC_PREPROCESSOR_DEFINITIONS = (
					"DEBUG=1",
					"$(inherited)",
				);
				INFOPLIST_FILE = "Example/Example-Info.plist";
				PRODUCT_NAME = "$(TARGET_NAME)";
				TARGETED_DEVICE_FAMILY = "1,2";
				WRAPPER_EXTENSION = app;
			};
			name = Debug;
		};
		FFFF9C2918747F0E00E035C7 /* Release */ = {
			isa = XCBuildConfiguration;
			buildSettings = {
				ARCHS = "$(ARCHS_STANDARD_INCLUDING_64_BIT)";
				ASSETCATALOG_COMPILER_APPICON_NAME = AppIcon;
				ASSETCATALOG_COMPILER_LAUNCHIMAGE_NAME = LaunchImage;
				"CODE_SIGN_IDENTITY[sdk=iphoneos*]" = "iPhone Developer";
				FRAMEWORK_SEARCH_PATHS = (
					"$(inherited)",
					"$(DEVELOPER_FRAMEWORKS_DIR)",
				);
				GCC_PRECOMPILE_PREFIX_HEADER = YES;
				GCC_PREFIX_HEADER = "Example/Example-Prefix.pch";
				INFOPLIST_FILE = "Example/Example-Info.plist";
				PRODUCT_NAME = "$(TARGET_NAME)";
				TARGETED_DEVICE_FAMILY = "1,2";
				WRAPPER_EXTENSION = app;
			};
			name = Release;
		};
/* End XCBuildConfiguration section */

/* Begin XCConfigurationList section */
		FFFF9BB41873232400E035C7 /* Build configuration list for PBXProject "SVEApplicationDelegate" */ = {
			isa = XCConfigurationList;
			buildConfigurations = (
				FFFF9BDA1873232400E035C7 /* Debug */,
				FFFF9BDB1873232400E035C7 /* Release */,
			);
			defaultConfigurationIsVisible = 0;
			defaultConfigurationName = Release;
		};
		FFFF9BDC1873232400E035C7 /* Build configuration list for PBXNativeTarget "SVEApplicationDelegate" */ = {
			isa = XCConfigurationList;
			buildConfigurations = (
				FFFF9BDD1873232400E035C7 /* Debug */,
				FFFF9BDE1873232400E035C7 /* Release */,
			);
			defaultConfigurationIsVisible = 0;
			defaultConfigurationName = Release;
		};
		FFFF9BDF1873232400E035C7 /* Build configuration list for PBXNativeTarget "SVEApplicationDelegateTests" */ = {
			isa = XCConfigurationList;
			buildConfigurations = (
				FFFF9BE01873232400E035C7 /* Debug */,
				FFFF9BE11873232400E035C7 /* Release */,
			);
			defaultConfigurationIsVisible = 0;
			defaultConfigurationName = Release;
		};
		FFFF9C2718747F0E00E035C7 /* Build configuration list for PBXNativeTarget "Example" */ = {
			isa = XCConfigurationList;
			buildConfigurations = (
				FFFF9C2818747F0E00E035C7 /* Debug */,
				FFFF9C2918747F0E00E035C7 /* Release */,
			);
			defaultConfigurationIsVisible = 0;
			defaultConfigurationName = Release;
		};
/* End XCConfigurationList section */

/* Begin XCVersionGroup section */
		FFFF9C0918747F0E00E035C7 /* Example.xcdatamodeld */ = {
			isa = XCVersionGroup;
			children = (
				FFFF9C0A18747F0E00E035C7 /* Example.xcdatamodel */,
			);
			currentVersion = FFFF9C0A18747F0E00E035C7 /* Example.xcdatamodel */;
			path = Example.xcdatamodeld;
			sourceTree = "<group>";
			versionGroupType = wrapper.xcdatamodel;
		};
/* End XCVersionGroup section */
	};
	rootObject = FFFF9BB11873232400E035C7 /* Project object */;
}
